
Microsoft Visual Studio Solution File, Format Version 12.00
# Visual Studio Version 17
VisualStudioVersion = 17.0.32112.339
MinimumVisualStudioVersion = 10.0.40219.1
Project("{FAE04EC0-301F-11D3-BF4B-00C04F79EFBC}") = "HTTP5101-Assignment3-AustinCaron", "HTTP5101-Assignment3-AustinCaron.csproj", "{BD60B54A-CA7A-45C7-A481-F55E07FBBEC4}"
EndProject
Global
	GlobalSection(SolutionConfigurationPlatforms) = preSolution
		Debug|Any CPU = Debug|Any CPU
		Release|Any CPU = Release|Any CPU
	EndGlobalSection
	GlobalSection(ProjectConfigurationPlatforms) = postSolution
		{BD60B54A-CA7A-45C7-A481-F55E07FBBEC4}.Debug|Any CPU.ActiveCfg = Debug|Any CPU
		{BD60B54A-CA7A-45C7-A481-F55E07FBBEC4}.Debug|Any CPU.Build.0 = Debug|Any CPU
		{BD60B54A-CA7A-45C7-A481-F55E07FBBEC4}.Release|Any CPU.ActiveCfg = Release|Any CPU
		{BD60B54A-CA7A-45C7-A481-F55E07FBBEC4}.Release|Any CPU.Build.0 = Release|Any CPU
	EndGlobalSection
	GlobalSection(SolutionProperties) = preSolution
		HideSolutionNode = FALSE
	EndGlobalSection
	GlobalSection(ExtensibilityGlobals) = postSolution
		SolutionGuid = {AA7DA870-67F0-4057-851B-8F29F22275E0}
	EndGlobalSection
EndGlobal
